# This file is generated by running "yarn install" inside your project.
# Manual changes might be lost - proceed with caution!

__metadata:
  version: 6
  cacheKey: 8

"ansi-styles@npm:^6.1.0":
  version: 6.1.0
  resolution: "ansi-styles@npm:6.1.0"
  checksum: 7a7f8528c07a9d20c3a92bccd2b6bc3bb4d26e5cb775c02826921477377bd495d615d61f710d56216344b6238d1d11ef2b0348e146c5b128715578bfb3217229
  languageName: node
  linkType: hard

"chalk@github:Methuselah96/chalk":
  version: 4.1.0
  resolution: "chalk@https://github.com/Methuselah96/chalk.git#commit=9d5b9a133c3f8aa9f24de283660de3f732964aaa"
  dependencies:
    ansi-styles: ^6.1.0
    supports-color: ^9.0.2
  checksum: 3dae917e6cce9a4dcf2e2d647f2f16bbca96097853c58276cf887f1a150edda3ffea3ec3cd436fcd94c99528782832c6adcc4df7f96d629794fb763a3bdc5278
  languageName: node
  linkType: hard

"supports-color@npm:^9.0.2":
  version: 9.2.2
  resolution: "supports-color@npm:9.2.2"
  checksum: 976d84877402fc38c1d43b1fde20b0a8dc0283273f21cfebe4ff7507d27543cdfbeec7db108a96b82d694465f06d64e8577562b05d0520b41710088e0a33cc50
  languageName: node
  linkType: hard

"test-yarn-github-protocol@workspace:.":
  version: 0.0.0-use.local
  resolution: "test-yarn-github-protocol@workspace:."
  dependencies:
    chalk: "github:Methuselah96/chalk"
  languageName: unknown
  linkType: soft
